
Microsoft Visual Studio Solution File, Format Version 12.00
# Visual Studio Version 17
VisualStudioVersion = 17.8.34511.84
MinimumVisualStudioVersion = 10.0.40219.1
Project("{FAE04EC0-301F-11D3-BF4B-00C04F79EFBC}") = "VPBE.API", "VPBE.API\VPBE.API\VPBE.API.csproj", "{9D7C96D3-5F35-476B-A9B3-153B5B6FBD63}"
EndProject
Project("{FAE04EC0-301F-11D3-BF4B-00C04F79EFBC}") = "VPBE.Service", "VPBE.Service\VPBE.Service.csproj", "{F0AB9661-261A-43C8-AFE1-95C04069BF6F}"
EndProject
Project("{FAE04EC0-301F-11D3-BF4B-00C04F79EFBC}") = "VPBE.Domain", "VPBE.Domain\VPBE.Domain.csproj", "{C274F797-D242-4137-8CF5-4E178536F776}"
EndProject
Project("{FAE04EC0-301F-11D3-BF4B-00C04F79EFBC}") = "VPBE.Infrastucture", "VPBE.Infrastucture\VPBE.Infrastucture.csproj", "{0E5F2FEC-8674-4173-93F6-CFD89D78FBD7}"
EndProject
Global
	GlobalSection(SolutionConfigurationPlatforms) = preSolution
		Debug|Any CPU = Debug|Any CPU
		Release|Any CPU = Release|Any CPU
	EndGlobalSection
	GlobalSection(ProjectConfigurationPlatforms) = postSolution
		{9D7C96D3-5F35-476B-A9B3-153B5B6FBD63}.Debug|Any CPU.ActiveCfg = Debug|Any CPU
		{9D7C96D3-5F35-476B-A9B3-153B5B6FBD63}.Debug|Any CPU.Build.0 = Debug|Any CPU
		{9D7C96D3-5F35-476B-A9B3-153B5B6FBD63}.Release|Any CPU.ActiveCfg = Release|Any CPU
		{9D7C96D3-5F35-476B-A9B3-153B5B6FBD63}.Release|Any CPU.Build.0 = Release|Any CPU
		{F0AB9661-261A-43C8-AFE1-95C04069BF6F}.Debug|Any CPU.ActiveCfg = Debug|Any CPU
		{F0AB9661-261A-43C8-AFE1-95C04069BF6F}.Debug|Any CPU.Build.0 = Debug|Any CPU
		{F0AB9661-261A-43C8-AFE1-95C04069BF6F}.Release|Any CPU.ActiveCfg = Release|Any CPU
		{F0AB9661-261A-43C8-AFE1-95C04069BF6F}.Release|Any CPU.Build.0 = Release|Any CPU
		{C274F797-D242-4137-8CF5-4E178536F776}.Debug|Any CPU.ActiveCfg = Debug|Any CPU
		{C274F797-D242-4137-8CF5-4E178536F776}.Debug|Any CPU.Build.0 = Debug|Any CPU
		{C274F797-D242-4137-8CF5-4E178536F776}.Release|Any CPU.ActiveCfg = Release|Any CPU
		{C274F797-D242-4137-8CF5-4E178536F776}.Release|Any CPU.Build.0 = Release|Any CPU
		{0E5F2FEC-8674-4173-93F6-CFD89D78FBD7}.Debug|Any CPU.ActiveCfg = Debug|Any CPU
		{0E5F2FEC-8674-4173-93F6-CFD89D78FBD7}.Debug|Any CPU.Build.0 = Debug|Any CPU
		{0E5F2FEC-8674-4173-93F6-CFD89D78FBD7}.Release|Any CPU.ActiveCfg = Release|Any CPU
		{0E5F2FEC-8674-4173-93F6-CFD89D78FBD7}.Release|Any CPU.Build.0 = Release|Any CPU
	EndGlobalSection
	GlobalSection(SolutionProperties) = preSolution
		HideSolutionNode = FALSE
	EndGlobalSection
	GlobalSection(ExtensibilityGlobals) = postSolution
		SolutionGuid = {15FED655-9F4B-464A-B1AE-D76D33C7789E}
	EndGlobalSection
EndGlobal
