
Microsoft Visual Studio Solution File, Format Version 12.00
# Visual Studio Version 17
VisualStudioVersion = 17.8.34511.84
MinimumVisualStudioVersion = 10.0.40219.1
Project("{9A19103F-16F7-4668-BE54-9A1E7A4F7556}") = "VPBE.API", "VPBE.API\VPBE.API.csproj", "{0B3E0885-64FF-4BD5-920B-CA032628542A}"
EndProject
Project("{9A19103F-16F7-4668-BE54-9A1E7A4F7556}") = "VPBE.Domain", "VPBE.Domain\VPBE.Domain.csproj", "{7539CCB4-E50A-45A1-A647-B13D520EF503}"
EndProject
Project("{9A19103F-16F7-4668-BE54-9A1E7A4F7556}") = "VPBE.Infrastucture", "VPBE.Infrastucture\VPBE.Infrastucture.csproj", "{DE4E059E-C130-4AE3-947E-DFA5AC95C384}"
EndProject
Project("{9A19103F-16F7-4668-BE54-9A1E7A4F7556}") = "VPBE.Service", "VPBE.Service\VPBE.Service.csproj", "{A5BA21E0-9F1D-48B2-9069-E461FDF10872}"
EndProject
Global
	GlobalSection(SolutionConfigurationPlatforms) = preSolution
		Debug|Any CPU = Debug|Any CPU
		Release|Any CPU = Release|Any CPU
	EndGlobalSection
	GlobalSection(ProjectConfigurationPlatforms) = postSolution
		{0B3E0885-64FF-4BD5-920B-CA032628542A}.Debug|Any CPU.ActiveCfg = Debug|Any CPU
		{0B3E0885-64FF-4BD5-920B-CA032628542A}.Debug|Any CPU.Build.0 = Debug|Any CPU
		{0B3E0885-64FF-4BD5-920B-CA032628542A}.Release|Any CPU.ActiveCfg = Release|Any CPU
		{0B3E0885-64FF-4BD5-920B-CA032628542A}.Release|Any CPU.Build.0 = Release|Any CPU
		{7539CCB4-E50A-45A1-A647-B13D520EF503}.Debug|Any CPU.ActiveCfg = Debug|Any CPU
		{7539CCB4-E50A-45A1-A647-B13D520EF503}.Debug|Any CPU.Build.0 = Debug|Any CPU
		{7539CCB4-E50A-45A1-A647-B13D520EF503}.Release|Any CPU.ActiveCfg = Release|Any CPU
		{7539CCB4-E50A-45A1-A647-B13D520EF503}.Release|Any CPU.Build.0 = Release|Any CPU
		{DE4E059E-C130-4AE3-947E-DFA5AC95C384}.Debug|Any CPU.ActiveCfg = Debug|Any CPU
		{DE4E059E-C130-4AE3-947E-DFA5AC95C384}.Debug|Any CPU.Build.0 = Debug|Any CPU
		{DE4E059E-C130-4AE3-947E-DFA5AC95C384}.Release|Any CPU.ActiveCfg = Release|Any CPU
		{DE4E059E-C130-4AE3-947E-DFA5AC95C384}.Release|Any CPU.Build.0 = Release|Any CPU
		{A5BA21E0-9F1D-48B2-9069-E461FDF10872}.Debug|Any CPU.ActiveCfg = Debug|Any CPU
		{A5BA21E0-9F1D-48B2-9069-E461FDF10872}.Debug|Any CPU.Build.0 = Debug|Any CPU
		{A5BA21E0-9F1D-48B2-9069-E461FDF10872}.Release|Any CPU.ActiveCfg = Release|Any CPU
		{A5BA21E0-9F1D-48B2-9069-E461FDF10872}.Release|Any CPU.Build.0 = Release|Any CPU
	EndGlobalSection
	GlobalSection(SolutionProperties) = preSolution
		HideSolutionNode = FALSE
	EndGlobalSection
	GlobalSection(ExtensibilityGlobals) = postSolution
		SolutionGuid = {15FED655-9F4B-464A-B1AE-D76D33C7789E}
	EndGlobalSection
EndGlobal
